
Microsoft Visual Studio Solution File, Format Version 12.00
# Visual Studio 14
VisualStudioVersion = 14.0.25420.1
MinimumVisualStudioVersion = 10.0.40219.1
Project("{F184B08F-C81C-45F6-A57F-5ABD9991F28F}") = "Magos", "Magos\Magos.vbproj", "{0FB4BA79-929D-4F2A-9F80-E4875C75B7BD}"
EndProject
Project("{2150E333-8FDC-42A3-9474-1A3956D46DE8}") = "Solution Items", "Solution Items", "{E1347AA9-5296-4A9C-9FB8-558BB21CB866}"
EndProject
Global
	GlobalSection(SolutionConfigurationPlatforms) = preSolution
		Debug|Any CPU = Debug|Any CPU
		Release|Any CPU = Release|Any CPU
	EndGlobalSection
	GlobalSection(ProjectConfigurationPlatforms) = postSolution
		{0FB4BA79-929D-4F2A-9F80-E4875C75B7BD}.Debug|Any CPU.ActiveCfg = Debug|Any CPU
		{0FB4BA79-929D-4F2A-9F80-E4875C75B7BD}.Debug|Any CPU.Build.0 = Debug|Any CPU
		{0FB4BA79-929D-4F2A-9F80-E4875C75B7BD}.Release|Any CPU.ActiveCfg = Release|Any CPU
		{0FB4BA79-929D-4F2A-9F80-E4875C75B7BD}.Release|Any CPU.Build.0 = Release|Any CPU
	EndGlobalSection
	GlobalSection(SolutionProperties) = preSolution
		HideSolutionNode = FALSE
	EndGlobalSection
EndGlobal
